
Microsoft Visual Studio Solution File, Format Version 12.00
# Visual Studio Version 16
VisualStudioVersion = 16.0.29326.143
MinimumVisualStudioVersion = 10.0.40219.1
Project("{9A19103F-16F7-4668-BE54-9A1E7A4F7556}") = "ProductivityExtensionMethods", "ProductivityExtensionMethods\ProductivityExtensionMethods.csproj", "{C84E0C73-CBA6-481B-B9D8-39784F3D875F}"
EndProject
Project("{F5034706-568F-408A-B7B3-4D38C6DB8A32}") = "PowershellScripts", "PowershellScripts\PowershellScripts.pssproj", "{6CAFC0C6-A428-4D30-A9F9-700E829FEA51}"
EndProject
Project("{FAE04EC0-301F-11D3-BF4B-00C04F79EFBC}") = "CodePreprocessor", "CodePreprocessor\CodePreprocessor.csproj", "{5DEADA4F-22FE-49D6-A4DA-311397E45BB9}"
EndProject
Global
	GlobalSection(SolutionConfigurationPlatforms) = preSolution
		Debug|Any CPU = Debug|Any CPU
		Release|Any CPU = Release|Any CPU
	EndGlobalSection
	GlobalSection(ProjectConfigurationPlatforms) = postSolution
		{C84E0C73-CBA6-481B-B9D8-39784F3D875F}.Debug|Any CPU.ActiveCfg = Debug|Any CPU
		{C84E0C73-CBA6-481B-B9D8-39784F3D875F}.Debug|Any CPU.Build.0 = Debug|Any CPU
		{C84E0C73-CBA6-481B-B9D8-39784F3D875F}.Release|Any CPU.ActiveCfg = Release|Any CPU
		{C84E0C73-CBA6-481B-B9D8-39784F3D875F}.Release|Any CPU.Build.0 = Release|Any CPU
		{6CAFC0C6-A428-4D30-A9F9-700E829FEA51}.Debug|Any CPU.ActiveCfg = Debug|Any CPU
		{6CAFC0C6-A428-4D30-A9F9-700E829FEA51}.Debug|Any CPU.Build.0 = Debug|Any CPU
		{6CAFC0C6-A428-4D30-A9F9-700E829FEA51}.Release|Any CPU.ActiveCfg = Release|Any CPU
		{6CAFC0C6-A428-4D30-A9F9-700E829FEA51}.Release|Any CPU.Build.0 = Release|Any CPU
		{5DEADA4F-22FE-49D6-A4DA-311397E45BB9}.Debug|Any CPU.ActiveCfg = Debug|Any CPU
		{5DEADA4F-22FE-49D6-A4DA-311397E45BB9}.Debug|Any CPU.Build.0 = Debug|Any CPU
		{5DEADA4F-22FE-49D6-A4DA-311397E45BB9}.Release|Any CPU.ActiveCfg = Release|Any CPU
		{5DEADA4F-22FE-49D6-A4DA-311397E45BB9}.Release|Any CPU.Build.0 = Release|Any CPU
	EndGlobalSection
	GlobalSection(SolutionProperties) = preSolution
		HideSolutionNode = FALSE
	EndGlobalSection
	GlobalSection(ExtensibilityGlobals) = postSolution
		SolutionGuid = {C1D10F95-9543-445F-A4AE-83DF480CBE54}
	EndGlobalSection
EndGlobal
